
Microsoft Visual Studio Solution File, Format Version 12.00
# Visual Studio Version 17
VisualStudioVersion = 17.1.32210.238
MinimumVisualStudioVersion = 10.0.40219.1
Project("{FAE04EC0-301F-11D3-BF4B-00C04F79EFBC}") = "FloatMaxNumber", "FloatMaxNumber\FloatMaxNumber.csproj", "{476BA7DA-8A42-492E-83A5-B03C38BCC442}"
EndProject
Global
	GlobalSection(SolutionConfigurationPlatforms) = preSolution
		Debug|Any CPU = Debug|Any CPU
		Release|Any CPU = Release|Any CPU
	EndGlobalSection
	GlobalSection(ProjectConfigurationPlatforms) = postSolution
		{476BA7DA-8A42-492E-83A5-B03C38BCC442}.Debug|Any CPU.ActiveCfg = Debug|Any CPU
		{476BA7DA-8A42-492E-83A5-B03C38BCC442}.Debug|Any CPU.Build.0 = Debug|Any CPU
		{476BA7DA-8A42-492E-83A5-B03C38BCC442}.Release|Any CPU.ActiveCfg = Release|Any CPU
		{476BA7DA-8A42-492E-83A5-B03C38BCC442}.Release|Any CPU.Build.0 = Release|Any CPU
	EndGlobalSection
	GlobalSection(SolutionProperties) = preSolution
		HideSolutionNode = FALSE
	EndGlobalSection
	GlobalSection(ExtensibilityGlobals) = postSolution
		SolutionGuid = {ECF36C67-D226-4375-B5BF-477DE107CB4D}
	EndGlobalSection
EndGlobal
